// !$*UTF8*$!
{
	archiveVersion = 1;
	classes = {
	};
	objectVersion = 48;
	objects = {

/* Begin PBXBuildFile section */
		172FC2A6205A19E000A46198 /* AppDelegate.swift in Sources */ = {isa = PBXBuildFile; fileRef = 172FC2A5205A19E000A46198 /* AppDelegate.swift */; };
		172FC2A9205A19E000A46198 /* Face_Lock.xcdatamodeld in Sources */ = {isa = PBXBuildFile; fileRef = 172FC2A7205A19E000A46198 /* Face_Lock.xcdatamodeld */; };
		172FC2AB205A19E000A46198 /* MasterViewController.swift in Sources */ = {isa = PBXBuildFile; fileRef = 172FC2AA205A19E000A46198 /* MasterViewController.swift */; };
		172FC2AD205A19E000A46198 /* DetailViewController.swift in Sources */ = {isa = PBXBuildFile; fileRef = 172FC2AC205A19E000A46198 /* DetailViewController.swift */; };
		172FC2B0205A19E000A46198 /* Main.storyboard in Resources */ = {isa = PBXBuildFile; fileRef = 172FC2AE205A19E000A46198 /* Main.storyboard */; };
		172FC2B2205A19E000A46198 /* Assets.xcassets in Resources */ = {isa = PBXBuildFile; fileRef = 172FC2B1205A19E000A46198 /* Assets.xcassets */; };
		172FC2B5205A19E000A46198 /* LaunchScreen.storyboard in Resources */ = {isa = PBXBuildFile; fileRef = 172FC2B3205A19E000A46198 /* LaunchScreen.storyboard */; };
		172FC2C0205A19E000A46198 /* Face_LockTests.swift in Sources */ = {isa = PBXBuildFile; fileRef = 172FC2BF205A19E000A46198 /* Face_LockTests.swift */; };
		172FC2CB205A19E000A46198 /* Face_LockUITests.swift in Sources */ = {isa = PBXBuildFile; fileRef = 172FC2CA205A19E000A46198 /* Face_LockUITests.swift */; };
/* End PBXBuildFile section */

/* Begin PBXContainerItemProxy section */
		172FC2BC205A19E000A46198 /* PBXContainerItemProxy */ = {
			isa = PBXContainerItemProxy;
			containerPortal = 172FC29A205A19E000A46198 /* Project object */;
			proxyType = 1;
			remoteGlobalIDString = 172FC2A1205A19E000A46198;
			remoteInfo = "Face Lock";
		};
		172FC2C7205A19E000A46198 /* PBXContainerItemProxy */ = {
			isa = PBXContainerItemProxy;
			containerPortal = 172FC29A205A19E000A46198 /* Project object */;
			proxyType = 1;
			remoteGlobalIDString = 172FC2A1205A19E000A46198;
			remoteInfo = "Face Lock";
		};
/* End PBXContainerItemProxy section */

/* Begin PBXFileReference section */
		172FC2A2205A19E000A46198 /* Face Lock.app */ = {isa = PBXFileReference; explicitFileType = wrapper.application; includeInIndex = 0; path = "Face Lock.app"; sourceTree = BUILT_PRODUCTS_DIR; };
		172FC2A5205A19E000A46198 /* AppDelegate.swift */ = {isa = PBXFileReference; lastKnownFileType = sourcecode.swift; path = AppDelegate.swift; sourceTree = "<group>"; };
		172FC2A8205A19E000A46198 /* Face_Lock.xcdatamodel */ = {isa = PBXFileReference; lastKnownFileType = wrapper.xcdatamodel; path = Face_Lock.xcdatamodel; sourceTree = "<group>"; };
		172FC2AA205A19E000A46198 /* MasterViewController.swift */ = {isa = PBXFileReference; lastKnownFileType = sourcecode.swift; path = MasterViewController.swift; sourceTree = "<group>"; };
		172FC2AC205A19E000A46198 /* DetailViewController.swift */ = {isa = PBXFileReference; lastKnownFileType = sourcecode.swift; path = DetailViewController.swift; sourceTree = "<group>"; };
		172FC2AF205A19E000A46198 /* Base */ = {isa = PBXFileReference; lastKnownFileType = file.storyboard; name = Base; path = Base.lproj/Main.storyboard; sourceTree = "<group>"; };
		172FC2B1205A19E000A46198 /* Assets.xcassets */ = {isa = PBXFileReference; lastKnownFileType = folder.assetcatalog; path = Assets.xcassets; sourceTree = "<group>"; };
		172FC2B4205A19E000A46198 /* Base */ = {isa = PBXFileReference; lastKnownFileType = file.storyboard; name = Base; path = Base.lproj/LaunchScreen.storyboard; sourceTree = "<group>"; };
		172FC2B6205A19E000A46198 /* Info.plist */ = {isa = PBXFileReference; lastKnownFileType = text.plist.xml; path = Info.plist; sourceTree = "<group>"; };
		172FC2BB205A19E000A46198 /* Face LockTests.xctest */ = {isa = PBXFileReference; explicitFileType = wrapper.cfbundle; includeInIndex = 0; path = "Face LockTests.xctest"; sourceTree = BUILT_PRODUCTS_DIR; };
		172FC2BF205A19E000A46198 /* Face_LockTests.swift */ = {isa = PBXFileReference; lastKnownFileType = sourcecode.swift; path = Face_LockTests.swift; sourceTree = "<group>"; };
		172FC2C1205A19E000A46198 /* Info.plist */ = {isa = PBXFileReference; lastKnownFileType = text.plist.xml; path = Info.plist; sourceTree = "<group>"; };
		172FC2C6205A19E000A46198 /* Face LockUITests.xctest */ = {isa = PBXFileReference; explicitFileType = wrapper.cfbundle; includeInIndex = 0; path = "Face LockUITests.xctest"; sourceTree = BUILT_PRODUCTS_DIR; };
		172FC2CA205A19E000A46198 /* Face_LockUITests.swift */ = {isa = PBXFileReference; lastKnownFileType = sourcecode.swift; path = Face_LockUITests.swift; sourceTree = "<group>"; };
		172FC2CC205A19E000A46198 /* Info.plist */ = {isa = PBXFileReference; lastKnownFileType = text.plist.xml; path = Info.plist; sourceTree = "<group>"; };
/* End PBXFileReference section */

/* Begin PBXFrameworksBuildPhase section */
		172FC29F205A19E000A46198 /* Frameworks */ = {
			isa = PBXFrameworksBuildPhase;
			buildActionMask = 2147483647;
			files = (
			);
			runOnlyForDeploymentPostprocessing = 0;
		};
		172FC2B8205A19E000A46198 /* Frameworks */ = {
			isa = PBXFrameworksBuildPhase;
			buildActionMask = 2147483647;
			files = (
			);
			runOnlyForDeploymentPostprocessing = 0;
		};
		172FC2C3205A19E000A46198 /* Frameworks */ = {
			isa = PBXFrameworksBuildPhase;
			buildActionMask = 2147483647;
			files = (
			);
			runOnlyForDeploymentPostprocessing = 0;
		};
/* End PBXFrameworksBuildPhase section */

/* Begin PBXGroup section */
		172FC299205A19E000A46198 = {
			isa = PBXGroup;
			children = (
				172FC2A4205A19E000A46198 /* Face Lock */,
				172FC2BE205A19E000A46198 /* Face LockTests */,
				172FC2C9205A19E000A46198 /* Face LockUITests */,
				172FC2A3205A19E000A46198 /* Products */,
			);
			sourceTree = "<group>";
		};
		172FC2A3205A19E000A46198 /* Products */ = {
			isa = PBXGroup;
			children = (
				172FC2A2205A19E000A46198 /* Face Lock.app */,
				172FC2BB205A19E000A46198 /* Face LockTests.xctest */,
				172FC2C6205A19E000A46198 /* Face LockUITests.xctest */,
			);
			name = Products;
			sourceTree = "<group>";
		};
		172FC2A4205A19E000A46198 /* Face Lock */ = {
			isa = PBXGroup;
			children = (
				172FC2A5205A19E000A46198 /* AppDelegate.swift */,
				172FC2AA205A19E000A46198 /* MasterViewController.swift */,
				172FC2AC205A19E000A46198 /* DetailViewController.swift */,
				172FC2AE205A19E000A46198 /* Main.storyboard */,
				172FC2B1205A19E000A46198 /* Assets.xcassets */,
				172FC2B3205A19E000A46198 /* LaunchScreen.storyboard */,
				172FC2B6205A19E000A46198 /* Info.plist */,
				172FC2A7205A19E000A46198 /* Face_Lock.xcdatamodeld */,
			);
			path = "Face Lock";
			sourceTree = "<group>";
		};
		172FC2BE205A19E000A46198 /* Face LockTests */ = {
			isa = PBXGroup;
			children = (
				172FC2BF205A19E000A46198 /* Face_LockTests.swift */,
				172FC2C1205A19E000A46198 /* Info.plist */,
			);
			path = "Face LockTests";
			sourceTree = "<group>";
		};
		172FC2C9205A19E000A46198 /* Face LockUITests */ = {
			isa = PBXGroup;
			children = (
				172FC2CA205A19E000A46198 /* Face_LockUITests.swift */,
				172FC2CC205A19E000A46198 /* Info.plist */,
			);
			path = "Face LockUITests";
			sourceTree = "<group>";
		};
/* End PBXGroup section */

/* Begin PBXNativeTarget section */
		172FC2A1205A19E000A46198 /* Face Lock */ = {
			isa = PBXNativeTarget;
			buildConfigurationList = 172FC2CF205A19E000A46198 /* Build configuration list for PBXNativeTarget "Face Lock" */;
			buildPhases = (
				172FC29E205A19E000A46198 /* Sources */,
				172FC29F205A19E000A46198 /* Frameworks */,
				172FC2A0205A19E000A46198 /* Resources */,
			);
			buildRules = (
			);
			dependencies = (
			);
			name = "Face Lock";
			productName = "Face Lock";
			productReference = 172FC2A2205A19E000A46198 /* Face Lock.app */;
			productType = "com.apple.product-type.application";
		};
		172FC2BA205A19E000A46198 /* Face LockTests */ = {
			isa = PBXNativeTarget;
			buildConfigurationList = 172FC2D2205A19E000A46198 /* Build configuration list for PBXNativeTarget "Face LockTests" */;
			buildPhases = (
				172FC2B7205A19E000A46198 /* Sources */,
				172FC2B8205A19E000A46198 /* Frameworks */,
				172FC2B9205A19E000A46198 /* Resources */,
			);
			buildRules = (
			);
			dependencies = (
				172FC2BD205A19E000A46198 /* PBXTargetDependency */,
			);
			name = "Face LockTests";
			productName = "Face LockTests";
			productReference = 172FC2BB205A19E000A46198 /* Face LockTests.xctest */;
			productType = "com.apple.product-type.bundle.unit-test";
		};
		172FC2C5205A19E000A46198 /* Face LockUITests */ = {
			isa = PBXNativeTarget;
			buildConfigurationList = 172FC2D5205A19E000A46198 /* Build configuration list for PBXNativeTarget "Face LockUITests" */;
			buildPhases = (
				172FC2C2205A19E000A46198 /* Sources */,
				172FC2C3205A19E000A46198 /* Frameworks */,
				172FC2C4205A19E000A46198 /* Resources */,
			);
			buildRules = (
			);
			dependencies = (
				172FC2C8205A19E000A46198 /* PBXTargetDependency */,
			);
			name = "Face LockUITests";
			productName = "Face LockUITests";
			productReference = 172FC2C6205A19E000A46198 /* Face LockUITests.xctest */;
			productType = "com.apple.product-type.bundle.ui-testing";
		};
/* End PBXNativeTarget section */

/* Begin PBXProject section */
		172FC29A205A19E000A46198 /* Project object */ = {
			isa = PBXProject;
			attributes = {
				LastSwiftUpdateCheck = 0920;
				LastUpgradeCheck = 0920;
				TargetAttributes = {
					172FC2A1205A19E000A46198 = {
						CreatedOnToolsVersion = 9.2;
						ProvisioningStyle = Automatic;
					};
					172FC2BA205A19E000A46198 = {
						CreatedOnToolsVersion = 9.2;
						ProvisioningStyle = Automatic;
						TestTargetID = 172FC2A1205A19E000A46198;
					};
					172FC2C5205A19E000A46198 = {
						CreatedOnToolsVersion = 9.2;
						ProvisioningStyle = Automatic;
						TestTargetID = 172FC2A1205A19E000A46198;
					};
				};
			};
			buildConfigurationList = 172FC29D205A19E000A46198 /* Build configuration list for PBXProject "Face Lock" */;
			compatibilityVersion = "Xcode 8.0";
			developmentRegion = en;
			hasScannedForEncodings = 0;
			knownRegions = (
				en,
				Base,
			);
			mainGroup = 172FC299205A19E000A46198;
			productRefGroup = 172FC2A3205A19E000A46198 /* Products */;
			projectDirPath = "";
			projectRoot = "";
			targets = (
				172FC2A1205A19E000A46198 /* Face Lock */,
				172FC2BA205A19E000A46198 /* Face LockTests */,
				172FC2C5205A19E000A46198 /* Face LockUITests */,
			);
		};
/* End PBXProject section */

/* Begin PBXResourcesBuildPhase section */
		172FC2A0205A19E000A46198 /* Resources */ = {
			isa = PBXResourcesBuildPhase;
			buildActionMask = 2147483647;
			files = (
				172FC2B5205A19E000A46198 /* LaunchScreen.storyboard in Resources */,
				172FC2B2205A19E000A46198 /* Assets.xcassets in Resources */,
				172FC2B0205A19E000A46198 /* Main.storyboard in Resources */,
			);
			runOnlyForDeploymentPostprocessing = 0;
		};
		172FC2B9205A19E000A46198 /* Resources */ = {
			isa = PBXResourcesBuildPhase;
			buildActionMask = 2147483647;
			files = (
			);
			runOnlyForDeploymentPostprocessing = 0;
		};
		172FC2C4205A19E000A46198 /* Resources */ = {
			isa = PBXResourcesBuildPhase;
			buildActionMask = 2147483647;
			files = (
			);
			runOnlyForDeploymentPostprocessing = 0;
		};
/* End PBXResourcesBuildPhase section */

/* Begin PBXSourcesBuildPhase section */
		172FC29E205A19E000A46198 /* Sources */ = {
			isa = PBXSourcesBuildPhase;
			buildActionMask = 2147483647;
			files = (
				172FC2A6205A19E000A46198 /* AppDelegate.swift in Sources */,
				172FC2A9205A19E000A46198 /* Face_Lock.xcdatamodeld in Sources */,
				172FC2AB205A19E000A46198 /* MasterViewController.swift in Sources */,
				172FC2AD205A19E000A46198 /* DetailViewController.swift in Sources */,
			);
			runOnlyForDeploymentPostprocessing = 0;
		};
		172FC2B7205A19E000A46198 /* Sources */ = {
			isa = PBXSourcesBuildPhase;
			buildActionMask = 2147483647;
			files = (
				172FC2C0205A19E000A46198 /* Face_LockTests.swift in Sources */,
			);
			runOnlyForDeploymentPostprocessing = 0;
		};
		172FC2C2205A19E000A46198 /* Sources */ = {
			isa = PBXSourcesBuildPhase;
			buildActionMask = 2147483647;
			files = (
				172FC2CB205A19E000A46198 /* Face_LockUITests.swift in Sources */,
			);
			runOnlyForDeploymentPostprocessing = 0;
		};
/* End PBXSourcesBuildPhase section */

/* Begin PBXTargetDependency section */
		172FC2BD205A19E000A46198 /* PBXTargetDependency */ = {
			isa = PBXTargetDependency;
			target = 172FC2A1205A19E000A46198 /* Face Lock */;
			targetProxy = 172FC2BC205A19E000A46198 /* PBXContainerItemProxy */;
		};
		172FC2C8205A19E000A46198 /* PBXTargetDependency */ = {
			isa = PBXTargetDependency;
			target = 172FC2A1205A19E000A46198 /* Face Lock */;
			targetProxy = 172FC2C7205A19E000A46198 /* PBXContainerItemProxy */;
		};
/* End PBXTargetDependency section */

/* Begin PBXVariantGroup section */
		172FC2AE205A19E000A46198 /* Main.storyboard */ = {
			isa = PBXVariantGroup;
			children = (
				172FC2AF205A19E000A46198 /* Base */,
			);
			name = Main.storyboard;
			sourceTree = "<group>";
		};
		172FC2B3205A19E000A46198 /* LaunchScreen.storyboard */ = {
			isa = PBXVariantGroup;
			children = (
				172FC2B4205A19E000A46198 /* Base */,
			);
			name = LaunchScreen.storyboard;
			sourceTree = "<group>";
		};
/* End PBXVariantGroup section */

/* Begin XCBuildConfiguration section */
		172FC2CD205A19E000A46198 /* Debug */ = {
			isa = XCBuildConfiguration;
			buildSettings = {
				ALWAYS_SEARCH_USER_PATHS = NO;
				CLANG_ANALYZER_NONNULL = YES;
				CLANG_ANALYZER_NUMBER_OBJECT_CONVERSION = YES_AGGRESSIVE;
				CLANG_CXX_LANGUAGE_STANDARD = "gnu++14";
				CLANG_CXX_LIBRARY = "libc++";
				CLANG_ENABLE_MODULES = YES;
				CLANG_ENABLE_OBJC_ARC = YES;
				CLANG_WARN_BLOCK_CAPTURE_AUTORELEASING = YES;
				CLANG_WARN_BOOL_CONVERSION = YES;
				CLANG_WARN_COMMA = YES;
				CLANG_WARN_CONSTANT_CONVERSION = YES;
				CLANG_WARN_DIRECT_OBJC_ISA_USAGE = YES_ERROR;
				CLANG_WARN_DOCUMENTATION_COMMENTS = YES;
				CLANG_WARN_EMPTY_BODY = YES;
				CLANG_WARN_ENUM_CONVERSION = YES;
				CLANG_WARN_INFINITE_RECURSION = YES;
				CLANG_WARN_INT_CONVERSION = YES;
				CLANG_WARN_NON_LITERAL_NULL_CONVERSION = YES;
				CLANG_WARN_OBJC_LITERAL_CONVERSION = YES;
				CLANG_WARN_OBJC_ROOT_CLASS = YES_ERROR;
				CLANG_WARN_RANGE_LOOP_ANALYSIS = YES;
				CLANG_WARN_STRICT_PROTOTYPES = YES;
				CLANG_WARN_SUSPICIOUS_MOVE = YES;
				CLANG_WARN_UNGUARDED_AVAILABILITY = YES_AGGRESSIVE;
				CLANG_WARN_UNREACHABLE_CODE = YES;
				CLANG_WARN__DUPLICATE_METHOD_MATCH = YES;
				CODE_SIGN_IDENTITY = "iPhone Developer";
				COPY_PHASE_STRIP = NO;
				DEBUG_INFORMATION_FORMAT = dwarf;
				ENABLE_STRICT_OBJC_MSGSEND = YES;
				ENABLE_TESTABILITY = YES;
				GCC_C_LANGUAGE_STANDARD = gnu11;
				GCC_DYNAMIC_NO_PIC = NO;
				GCC_NO_COMMON_BLOCKS = YES;
				GCC_OPTIMIZATION_LEVEL = 0;
				GCC_PREPROCESSOR_DEFINITIONS = (
					"DEBUG=1",
					"$(inherited)",
				);
				GCC_WARN_64_TO_32_BIT_CONVERSION = YES;
				GCC_WARN_ABOUT_RETURN_TYPE = YES_ERROR;
				GCC_WARN_UNDECLARED_SELECTOR = YES;
				GCC_WARN_UNINITIALIZED_AUTOS = YES_AGGRESSIVE;
				GCC_WARN_UNUSED_FUNCTION = YES;
				GCC_WARN_UNUSED_VARIABLE = YES;
				IPHONEOS_DEPLOYMENT_TARGET = 11.2;
				MTL_ENABLE_DEBUG_INFO = YES;
				ONLY_ACTIVE_ARCH = YES;
				SDKROOT = iphoneos;
				SWIFT_ACTIVE_COMPILATION_CONDITIONS = DEBUG;
				SWIFT_OPTIMIZATION_LEVEL = "-Onone";
			};
			name = Debug;
		};
		172FC2CE205A19E000A46198 /* Release */ = {
			isa = XCBuildConfiguration;
			buildSettings = {
				ALWAYS_SEARCH_USER_PATHS = NO;
				CLANG_ANALYZER_NONNULL = YES;
				CLANG_ANALYZER_NUMBER_OBJECT_CONVERSION = YES_AGGRESSIVE;
				CLANG_CXX_LANGUAGE_STANDARD = "gnu++14";
				CLANG_CXX_LIBRARY = "libc++";
				CLANG_ENABLE_MODULES = YES;
				CLANG_ENABLE_OBJC_ARC = YES;
				CLANG_WARN_BLOCK_CAPTURE_AUTORELEASING = YES;
				CLANG_WARN_BOOL_CONVERSION = YES;
				CLANG_WARN_COMMA = YES;
				CLANG_WARN_CONSTANT_CONVERSION = YES;
				CLANG_WARN_DIRECT_OBJC_ISA_USAGE = YES_ERROR;
				CLANG_WARN_DOCUMENTATION_COMMENTS = YES;
				CLANG_WARN_EMPTY_BODY = YES;
				CLANG_WARN_ENUM_CONVERSION = YES;
				CLANG_WARN_INFINITE_RECURSION = YES;
				CLANG_WARN_INT_CONVERSION = YES;
				CLANG_WARN_NON_LITERAL_NULL_CONVERSION = YES;
				CLANG_WARN_OBJC_LITERAL_CONVERSION = YES;
				CLANG_WARN_OBJC_ROOT_CLASS = YES_ERROR;
				CLANG_WARN_RANGE_LOOP_ANALYSIS = YES;
				CLANG_WARN_STRICT_PROTOTYPES = YES;
				CLANG_WARN_SUSPICIOUS_MOVE = YES;
				CLANG_WARN_UNGUARDED_AVAILABILITY = YES_AGGRESSIVE;
				CLANG_WARN_UNREACHABLE_CODE = YES;
				CLANG_WARN__DUPLICATE_METHOD_MATCH = YES;
				CODE_SIGN_IDENTITY = "iPhone Developer";
				COPY_PHASE_STRIP = NO;
				DEBUG_INFORMATION_FORMAT = "dwarf-with-dsym";
				ENABLE_NS_ASSERTIONS = NO;
				ENABLE_STRICT_OBJC_MSGSEND = YES;
				GCC_C_LANGUAGE_STANDARD = gnu11;
				GCC_NO_COMMON_BLOCKS = YES;
				GCC_WARN_64_TO_32_BIT_CONVERSION = YES;
				GCC_WARN_ABOUT_RETURN_TYPE = YES_ERROR;
				GCC_WARN_UNDECLARED_SELECTOR = YES;
				GCC_WARN_UNINITIALIZED_AUTOS = YES_AGGRESSIVE;
				GCC_WARN_UNUSED_FUNCTION = YES;
				GCC_WARN_UNUSED_VARIABLE = YES;
				IPHONEOS_DEPLOYMENT_TARGET = 11.2;
				MTL_ENABLE_DEBUG_INFO = NO;
				SDKROOT = iphoneos;
				SWIFT_OPTIMIZATION_LEVEL = "-Owholemodule";
				VALIDATE_PRODUCT = YES;
			};
			name = Release;
		};
		172FC2D0205A19E000A46198 /* Debug */ = {
			isa = XCBuildConfiguration;
			buildSettings = {
				ASSETCATALOG_COMPILER_APPICON_NAME = AppIcon;
				CODE_SIGN_STYLE = Automatic;
				DEVELOPMENT_TEAM = 3CQLP3X6ZT;
				INFOPLIST_FILE = "Face Lock/Info.plist";
				LD_RUNPATH_SEARCH_PATHS = "$(inherited) @executable_path/Frameworks";
				PRODUCT_BUNDLE_IDENTIFIER = "com.jyle-labs.Face-Lock";
				PRODUCT_NAME = "$(TARGET_NAME)";
				SWIFT_VERSION = 4.0;
				TARGETED_DEVICE_FAMILY = "1,2";
			};
			name = Debug;
		};
		172FC2D1205A19E000A46198 /* Release */ = {
			isa = XCBuildConfiguration;
			buildSettings = {
				ASSETCATALOG_COMPILER_APPICON_NAME = AppIcon;
				CODE_SIGN_STYLE = Automatic;
				DEVELOPMENT_TEAM = 3CQLP3X6ZT;
				INFOPLIST_FILE = "Face Lock/Info.plist";
				LD_RUNPATH_SEARCH_PATHS = "$(inherited) @executable_path/Frameworks";
				PRODUCT_BUNDLE_IDENTIFIER = "com.jyle-labs.Face-Lock";
				PRODUCT_NAME = "$(TARGET_NAME)";
				SWIFT_VERSION = 4.0;
				TARGETED_DEVICE_FAMILY = "1,2";
			};
			name = Release;
		};
		172FC2D3205A19E000A46198 /* Debug */ = {
			isa = XCBuildConfiguration;
			buildSettings = {
				ALWAYS_EMBED_SWIFT_STANDARD_LIBRARIES = YES;
				BUNDLE_LOADER = "$(TEST_HOST)";
				CODE_SIGN_STYLE = Automatic;
				DEVELOPMENT_TEAM = 3CQLP3X6ZT;
				INFOPLIST_FILE = "Face LockTests/Info.plist";
				LD_RUNPATH_SEARCH_PATHS = "$(inherited) @executable_path/Frameworks @loader_path/Frameworks";
				PRODUCT_BUNDLE_IDENTIFIER = "com.jyle-labs.Face-LockTests";
				PRODUCT_NAME = "$(TARGET_NAME)";
				SWIFT_VERSION = 4.0;
				TARGETED_DEVICE_FAMILY = "1,2";
				TEST_HOST = "$(BUILT_PRODUCTS_DIR)/Face Lock.app/Face Lock";
			};
			name = Debug;
		};
		172FC2D4205A19E000A46198 /* Release */ = {
			isa = XCBuildConfiguration;
			buildSettings = {
				ALWAYS_EMBED_SWIFT_STANDARD_LIBRARIES = YES;
				BUNDLE_LOADER = "$(TEST_HOST)";
				CODE_SIGN_STYLE = Automatic;
				DEVELOPMENT_TEAM = 3CQLP3X6ZT;
				INFOPLIST_FILE = "Face LockTests/Info.plist";
				LD_RUNPATH_SEARCH_PATHS = "$(inherited) @executable_path/Frameworks @loader_path/Frameworks";
				PRODUCT_BUNDLE_IDENTIFIER = "com.jyle-labs.Face-LockTests";
				PRODUCT_NAME = "$(TARGET_NAME)";
				SWIFT_VERSION = 4.0;
				TARGETED_DEVICE_FAMILY = "1,2";
				TEST_HOST = "$(BUILT_PRODUCTS_DIR)/Face Lock.app/Face Lock";
			};
			name = Release;
		};
		172FC2D6205A19E000A46198 /* Debug */ = {
			isa = XCBuildConfiguration;
			buildSettings = {
				ALWAYS_EMBED_SWIFT_STANDARD_LIBRARIES = YES;
				CODE_SIGN_STYLE = Automatic;
				DEVELOPMENT_TEAM = 3CQLP3X6ZT;
				INFOPLIST_FILE = "Face LockUITests/Info.plist";
				LD_RUNPATH_SEARCH_PATHS = "$(inherited) @executable_path/Frameworks @loader_path/Frameworks";
				PRODUCT_BUNDLE_IDENTIFIER = "com.jyle-labs.Face-LockUITests";
				PRODUCT_NAME = "$(TARGET_NAME)";
				SWIFT_VERSION = 4.0;
				TARGETED_DEVICE_FAMILY = "1,2";
				TEST_TARGET_NAME = "Face Lock";
			};
			name = Debug;
		};
		172FC2D7205A19E000A46198 /* Release */ = {
			isa = XCBuildConfiguration;
			buildSettings = {
				ALWAYS_EMBED_SWIFT_STANDARD_LIBRARIES = YES;
				CODE_SIGN_STYLE = Automatic;
				DEVELOPMENT_TEAM = 3CQLP3X6ZT;
				INFOPLIST_FILE = "Face LockUITests/Info.plist";
				LD_RUNPATH_SEARCH_PATHS = "$(inherited) @executable_path/Frameworks @loader_path/Frameworks";
				PRODUCT_BUNDLE_IDENTIFIER = "com.jyle-labs.Face-LockUITests";
				PRODUCT_NAME = "$(TARGET_NAME)";
				SWIFT_VERSION = 4.0;
				TARGETED_DEVICE_FAMILY = "1,2";
				TEST_TARGET_NAME = "Face Lock";
			};
			name = Release;
		};
/* End XCBuildConfiguration section */

/* Begin XCConfigurationList section */
		172FC29D205A19E000A46198 /* Build configuration list for PBXProject "Face Lock" */ = {
			isa = XCConfigurationList;
			buildConfigurations = (
				172FC2CD205A19E000A46198 /* Debug */,
				172FC2CE205A19E000A46198 /* Release */,
			);
			defaultConfigurationIsVisible = 0;
			defaultConfigurationName = Release;
		};
		172FC2CF205A19E000A46198 /* Build configuration list for PBXNativeTarget "Face Lock" */ = {
			isa = XCConfigurationList;
			buildConfigurations = (
				172FC2D0205A19E000A46198 /* Debug */,
				172FC2D1205A19E000A46198 /* Release */,
			);
			defaultConfigurationIsVisible = 0;
			defaultConfigurationName = Release;
		};
		172FC2D2205A19E000A46198 /* Build configuration list for PBXNativeTarget "Face LockTests" */ = {
			isa = XCConfigurationList;
			buildConfigurations = (
				172FC2D3205A19E000A46198 /* Debug */,
				172FC2D4205A19E000A46198 /* Release */,
			);
			defaultConfigurationIsVisible = 0;
			defaultConfigurationName = Release;
		};
		172FC2D5205A19E000A46198 /* Build configuration list for PBXNativeTarget "Face LockUITests" */ = {
			isa = XCConfigurationList;
			buildConfigurations = (
				172FC2D6205A19E000A46198 /* Debug */,
				172FC2D7205A19E000A46198 /* Release */,
			);
			defaultConfigurationIsVisible = 0;
			defaultConfigurationName = Release;
		};
/* End XCConfigurationList section */

/* Begin XCVersionGroup section */
		172FC2A7205A19E000A46198 /* Face_Lock.xcdatamodeld */ = {
			isa = XCVersionGroup;
			children = (
				172FC2A8205A19E000A46198 /* Face_Lock.xcdatamodel */,
			);
			currentVersion = 172FC2A8205A19E000A46198 /* Face_Lock.xcdatamodel */;
			path = Face_Lock.xcdatamodeld;
			sourceTree = "<group>";
			versionGroupType = wrapper.xcdatamodel;
		};
/* End XCVersionGroup section */
	};
	rootObject = 172FC29A205A19E000A46198 /* Project object */;
}
